
Microsoft Visual Studio Solution File, Format Version 12.00
# Visual Studio 15
VisualStudioVersion = 15.0.28307.852
MinimumVisualStudioVersion = 10.0.40219.1
Project("{FAE04EC0-301F-11D3-BF4B-00C04F79EFBC}") = "ComidaRapida", "ComidaRapida\ComidaRapida.csproj", "{2DB0E134-05F5-4175-B2EE-BCB20828F76D}"
EndProject
Global
	GlobalSection(SolutionConfigurationPlatforms) = preSolution
		Debug|Any CPU = Debug|Any CPU
		Release|Any CPU = Release|Any CPU
	EndGlobalSection
	GlobalSection(ProjectConfigurationPlatforms) = postSolution
		{2DB0E134-05F5-4175-B2EE-BCB20828F76D}.Debug|Any CPU.ActiveCfg = Debug|Any CPU
		{2DB0E134-05F5-4175-B2EE-BCB20828F76D}.Debug|Any CPU.Build.0 = Debug|Any CPU
		{2DB0E134-05F5-4175-B2EE-BCB20828F76D}.Release|Any CPU.ActiveCfg = Release|Any CPU
		{2DB0E134-05F5-4175-B2EE-BCB20828F76D}.Release|Any CPU.Build.0 = Release|Any CPU
	EndGlobalSection
	GlobalSection(SolutionProperties) = preSolution
		HideSolutionNode = FALSE
	EndGlobalSection
	GlobalSection(ExtensibilityGlobals) = postSolution
		SolutionGuid = {351F3557-0AF9-4E03-959B-0F57BFF92432}
	EndGlobalSection
EndGlobal
